
Microsoft Visual Studio Solution File, Format Version 12.00
# Visual Studio Version 17
VisualStudioVersion = 17.5.002.0
MinimumVisualStudioVersion = 10.0.40219.1
Project("{9A19103F-16F7-4668-BE54-9A1E7A4F7556}") = "SapMvcApp", "SapMvcApp.csproj", "{5661F3A4-2FDD-4C4F-90F5-C4E1068A6598}"
EndProject
Global
	GlobalSection(SolutionConfigurationPlatforms) = preSolution
		Debug|Any CPU = Debug|Any CPU
		Release|Any CPU = Release|Any CPU
	EndGlobalSection
	GlobalSection(ProjectConfigurationPlatforms) = postSolution
		{5661F3A4-2FDD-4C4F-90F5-C4E1068A6598}.Debug|Any CPU.ActiveCfg = Debug|Any CPU
		{5661F3A4-2FDD-4C4F-90F5-C4E1068A6598}.Debug|Any CPU.Build.0 = Debug|Any CPU
		{5661F3A4-2FDD-4C4F-90F5-C4E1068A6598}.Release|Any CPU.ActiveCfg = Release|Any CPU
		{5661F3A4-2FDD-4C4F-90F5-C4E1068A6598}.Release|Any CPU.Build.0 = Release|Any CPU
	EndGlobalSection
	GlobalSection(SolutionProperties) = preSolution
		HideSolutionNode = FALSE
	EndGlobalSection
	GlobalSection(ExtensibilityGlobals) = postSolution
		SolutionGuid = {133BA3F2-7552-42D3-BEB9-F9464150A6CB}
	EndGlobalSection
EndGlobal
